
Microsoft Visual Studio Solution File, Format Version 12.00
# Visual Studio 15
VisualStudioVersion = 15.0.27428.2027
MinimumVisualStudioVersion = 10.0.40219.1
Project("{8BC9CEB8-8B4A-11D0-8D11-00A0C91BC942}") = "FP_Cavity_Physics", "FP_Cavity_Physics\FP_Cavity_Physics.vcxproj", "{BBE64DCA-72B7-4065-B76E-72F0F67E2AF8}"
EndProject
Global
	GlobalSection(SolutionConfigurationPlatforms) = preSolution
		Debug|x64 = Debug|x64
		Debug|x86 = Debug|x86
		Release|x64 = Release|x64
		Release|x86 = Release|x86
	EndGlobalSection
	GlobalSection(ProjectConfigurationPlatforms) = postSolution
		{BBE64DCA-72B7-4065-B76E-72F0F67E2AF8}.Debug|x64.ActiveCfg = Debug|x64
		{BBE64DCA-72B7-4065-B76E-72F0F67E2AF8}.Debug|x64.Build.0 = Debug|x64
		{BBE64DCA-72B7-4065-B76E-72F0F67E2AF8}.Debug|x86.ActiveCfg = Debug|Win32
		{BBE64DCA-72B7-4065-B76E-72F0F67E2AF8}.Debug|x86.Build.0 = Debug|Win32
		{BBE64DCA-72B7-4065-B76E-72F0F67E2AF8}.Release|x64.ActiveCfg = Release|x64
		{BBE64DCA-72B7-4065-B76E-72F0F67E2AF8}.Release|x64.Build.0 = Release|x64
		{BBE64DCA-72B7-4065-B76E-72F0F67E2AF8}.Release|x86.ActiveCfg = Release|Win32
		{BBE64DCA-72B7-4065-B76E-72F0F67E2AF8}.Release|x86.Build.0 = Release|Win32
	EndGlobalSection
	GlobalSection(SolutionProperties) = preSolution
		HideSolutionNode = FALSE
	EndGlobalSection
	GlobalSection(ExtensibilityGlobals) = postSolution
		SolutionGuid = {BC19A7BA-A3A7-4BB0-A5AD-3844938AA13C}
	EndGlobalSection
EndGlobal
